
Microsoft Visual Studio Solution File, Format Version 12.00
# Visual Studio 15
VisualStudioVersion = 15.0.28307.1684
MinimumVisualStudioVersion = 10.0.40219.1
Project("{FAE04EC0-301F-11D3-BF4B-00C04F79EFBC}") = "Dungeon", "Dungeon\Dungeon.csproj", "{C5199297-5AA7-4A63-AFCA-5449848A63FE}"
EndProject
Project("{FAE04EC0-301F-11D3-BF4B-00C04F79EFBC}") = "MonsterLibrary", "MonsterLibrary\MonsterLibrary.csproj", "{929BDA2C-57BF-421A-9E86-5F8D62AF1172}"
EndProject
Project("{FAE04EC0-301F-11D3-BF4B-00C04F79EFBC}") = "DungeonLibrary", "DungeonLibrary\DungeonLibrary.csproj", "{0822D567-7AA6-4ECA-A1A5-0F6C8B586268}"
EndProject
Project("{FAE04EC0-301F-11D3-BF4B-00C04F79EFBC}") = "PlayerLibrary", "PlayerLibrary1\PlayerLibrary.csproj", "{9800B3FB-5AB0-4223-B4EF-1D62520502C5}"
EndProject
Global
	GlobalSection(SolutionConfigurationPlatforms) = preSolution
		Debug|Any CPU = Debug|Any CPU
		Release|Any CPU = Release|Any CPU
	EndGlobalSection
	GlobalSection(ProjectConfigurationPlatforms) = postSolution
		{C5199297-5AA7-4A63-AFCA-5449848A63FE}.Debug|Any CPU.ActiveCfg = Debug|Any CPU
		{C5199297-5AA7-4A63-AFCA-5449848A63FE}.Debug|Any CPU.Build.0 = Debug|Any CPU
		{C5199297-5AA7-4A63-AFCA-5449848A63FE}.Release|Any CPU.ActiveCfg = Release|Any CPU
		{C5199297-5AA7-4A63-AFCA-5449848A63FE}.Release|Any CPU.Build.0 = Release|Any CPU
		{929BDA2C-57BF-421A-9E86-5F8D62AF1172}.Debug|Any CPU.ActiveCfg = Debug|Any CPU
		{929BDA2C-57BF-421A-9E86-5F8D62AF1172}.Debug|Any CPU.Build.0 = Debug|Any CPU
		{929BDA2C-57BF-421A-9E86-5F8D62AF1172}.Release|Any CPU.ActiveCfg = Release|Any CPU
		{929BDA2C-57BF-421A-9E86-5F8D62AF1172}.Release|Any CPU.Build.0 = Release|Any CPU
		{0822D567-7AA6-4ECA-A1A5-0F6C8B586268}.Debug|Any CPU.ActiveCfg = Debug|Any CPU
		{0822D567-7AA6-4ECA-A1A5-0F6C8B586268}.Debug|Any CPU.Build.0 = Debug|Any CPU
		{0822D567-7AA6-4ECA-A1A5-0F6C8B586268}.Release|Any CPU.ActiveCfg = Release|Any CPU
		{0822D567-7AA6-4ECA-A1A5-0F6C8B586268}.Release|Any CPU.Build.0 = Release|Any CPU
		{9800B3FB-5AB0-4223-B4EF-1D62520502C5}.Debug|Any CPU.ActiveCfg = Debug|Any CPU
		{9800B3FB-5AB0-4223-B4EF-1D62520502C5}.Debug|Any CPU.Build.0 = Debug|Any CPU
		{9800B3FB-5AB0-4223-B4EF-1D62520502C5}.Release|Any CPU.ActiveCfg = Release|Any CPU
		{9800B3FB-5AB0-4223-B4EF-1D62520502C5}.Release|Any CPU.Build.0 = Release|Any CPU
	EndGlobalSection
	GlobalSection(SolutionProperties) = preSolution
		HideSolutionNode = FALSE
	EndGlobalSection
	GlobalSection(ExtensibilityGlobals) = postSolution
		SolutionGuid = {8EFB63A2-B310-4182-AF74-0F405346BC31}
	EndGlobalSection
EndGlobal
